
Microsoft Visual Studio Solution File, Format Version 12.00
# Visual Studio Version 17
VisualStudioVersion = 17.5.002.0
MinimumVisualStudioVersion = 10.0.40219.1
Project("{9A19103F-16F7-4668-BE54-9A1E7A4F7556}") = "HF-Validator", "HF-Validator.csproj", "{8F857782-0952-4029-98B9-3F29AA4DA6CE}"
EndProject
Global
	GlobalSection(SolutionConfigurationPlatforms) = preSolution
		Debug|Any CPU = Debug|Any CPU
		Release|Any CPU = Release|Any CPU
	EndGlobalSection
	GlobalSection(ProjectConfigurationPlatforms) = postSolution
		{8F857782-0952-4029-98B9-3F29AA4DA6CE}.Debug|Any CPU.ActiveCfg = Debug|Any CPU
		{8F857782-0952-4029-98B9-3F29AA4DA6CE}.Debug|Any CPU.Build.0 = Debug|Any CPU
		{8F857782-0952-4029-98B9-3F29AA4DA6CE}.Release|Any CPU.ActiveCfg = Release|Any CPU
		{8F857782-0952-4029-98B9-3F29AA4DA6CE}.Release|Any CPU.Build.0 = Release|Any CPU
	EndGlobalSection
	GlobalSection(SolutionProperties) = preSolution
		HideSolutionNode = FALSE
	EndGlobalSection
	GlobalSection(ExtensibilityGlobals) = postSolution
		SolutionGuid = {6CDAFB0F-0F0A-49F9-865D-00BB467AD73F}
	EndGlobalSection
EndGlobal
